
Microsoft Visual Studio Solution File, Format Version 12.00
# Visual Studio Version 17
VisualStudioVersion = 17.10.34916.146
MinimumVisualStudioVersion = 10.0.40219.1
Project("{9A19103F-16F7-4668-BE54-9A1E7A4F7556}") = "BeautifulServerApplication", "BeautifulServerApplication\BeautifulServerApplication.csproj", "{2E3711A6-9B98-4C75-9C56-F17A8E43E331}"
EndProject
Project("{9A19103F-16F7-4668-BE54-9A1E7A4F7556}") = "Tests", "Tests\Tests.csproj", "{CEAA6383-AC64-4C1B-B383-7D19B8CBA2D0}"
EndProject
Project("{2150E333-8FDC-42A3-9474-1A3956D46DE8}") = "Session", "Session", "{332472B0-CC29-41FC-9FF0-ED1CA04BDAFE}"
EndProject
Project("{9A19103F-16F7-4668-BE54-9A1E7A4F7556}") = "BeautifulClientApplication", "BeautifulClientApplication\BeautifulClientApplication.csproj", "{93B3C950-4A38-408B-BDDE-69D9160D1132}"
EndProject
Project("{2150E333-8FDC-42A3-9474-1A3956D46DE8}") = "Applications", "Applications", "{89E901CA-5F3A-417F-A450-AE10156C2FCA}"
EndProject
Project("{9A19103F-16F7-4668-BE54-9A1E7A4F7556}") = "Session.Example", "Session.Example\Session.Example.csproj", "{E0AB173C-BE41-48C7-8BD1-EE0DE549F9CE}"
EndProject
Project("{9A19103F-16F7-4668-BE54-9A1E7A4F7556}") = "BeautifulFundamental.Core", "BeautifulFundamental.Core\BeautifulFundamental.Core.csproj", "{FD898F98-956C-4DDB-A2FA-2547D3E9F19B}"
EndProject
Project("{FAE04EC0-301F-11D3-BF4B-00C04F79EFBC}") = "BeautifulFundamental.Server", "BeautifulFundamental.Server\BeautifulFundamental.Server.csproj", "{5F95947B-FA2E-4716-8E25-2F4B3085B061}"
EndProject
Global
	GlobalSection(SolutionConfigurationPlatforms) = preSolution
		Debug|Any CPU = Debug|Any CPU
		Release|Any CPU = Release|Any CPU
	EndGlobalSection
	GlobalSection(ProjectConfigurationPlatforms) = postSolution
		{2E3711A6-9B98-4C75-9C56-F17A8E43E331}.Debug|Any CPU.ActiveCfg = Debug|Any CPU
		{2E3711A6-9B98-4C75-9C56-F17A8E43E331}.Debug|Any CPU.Build.0 = Debug|Any CPU
		{2E3711A6-9B98-4C75-9C56-F17A8E43E331}.Release|Any CPU.ActiveCfg = Release|Any CPU
		{2E3711A6-9B98-4C75-9C56-F17A8E43E331}.Release|Any CPU.Build.0 = Release|Any CPU
		{CEAA6383-AC64-4C1B-B383-7D19B8CBA2D0}.Debug|Any CPU.ActiveCfg = Debug|Any CPU
		{CEAA6383-AC64-4C1B-B383-7D19B8CBA2D0}.Debug|Any CPU.Build.0 = Debug|Any CPU
		{CEAA6383-AC64-4C1B-B383-7D19B8CBA2D0}.Release|Any CPU.ActiveCfg = Release|Any CPU
		{CEAA6383-AC64-4C1B-B383-7D19B8CBA2D0}.Release|Any CPU.Build.0 = Release|Any CPU
		{93B3C950-4A38-408B-BDDE-69D9160D1132}.Debug|Any CPU.ActiveCfg = Debug|Any CPU
		{93B3C950-4A38-408B-BDDE-69D9160D1132}.Debug|Any CPU.Build.0 = Debug|Any CPU
		{93B3C950-4A38-408B-BDDE-69D9160D1132}.Release|Any CPU.ActiveCfg = Release|Any CPU
		{93B3C950-4A38-408B-BDDE-69D9160D1132}.Release|Any CPU.Build.0 = Release|Any CPU
		{E0AB173C-BE41-48C7-8BD1-EE0DE549F9CE}.Debug|Any CPU.ActiveCfg = Debug|Any CPU
		{E0AB173C-BE41-48C7-8BD1-EE0DE549F9CE}.Debug|Any CPU.Build.0 = Debug|Any CPU
		{E0AB173C-BE41-48C7-8BD1-EE0DE549F9CE}.Release|Any CPU.ActiveCfg = Release|Any CPU
		{E0AB173C-BE41-48C7-8BD1-EE0DE549F9CE}.Release|Any CPU.Build.0 = Release|Any CPU
		{FD898F98-956C-4DDB-A2FA-2547D3E9F19B}.Debug|Any CPU.ActiveCfg = Debug|Any CPU
		{FD898F98-956C-4DDB-A2FA-2547D3E9F19B}.Debug|Any CPU.Build.0 = Debug|Any CPU
		{FD898F98-956C-4DDB-A2FA-2547D3E9F19B}.Release|Any CPU.ActiveCfg = Release|Any CPU
		{FD898F98-956C-4DDB-A2FA-2547D3E9F19B}.Release|Any CPU.Build.0 = Release|Any CPU
		{5F95947B-FA2E-4716-8E25-2F4B3085B061}.Debug|Any CPU.ActiveCfg = Debug|Any CPU
		{5F95947B-FA2E-4716-8E25-2F4B3085B061}.Debug|Any CPU.Build.0 = Debug|Any CPU
		{5F95947B-FA2E-4716-8E25-2F4B3085B061}.Release|Any CPU.ActiveCfg = Release|Any CPU
		{5F95947B-FA2E-4716-8E25-2F4B3085B061}.Release|Any CPU.Build.0 = Release|Any CPU
	EndGlobalSection
	GlobalSection(SolutionProperties) = preSolution
		HideSolutionNode = FALSE
	EndGlobalSection
	GlobalSection(NestedProjects) = preSolution
		{2E3711A6-9B98-4C75-9C56-F17A8E43E331} = {89E901CA-5F3A-417F-A450-AE10156C2FCA}
		{93B3C950-4A38-408B-BDDE-69D9160D1132} = {89E901CA-5F3A-417F-A450-AE10156C2FCA}
		{E0AB173C-BE41-48C7-8BD1-EE0DE549F9CE} = {332472B0-CC29-41FC-9FF0-ED1CA04BDAFE}
	EndGlobalSection
	GlobalSection(ExtensibilityGlobals) = postSolution
		SolutionGuid = {E5F7BCB1-956C-469C-830C-9DE4A8102799}
	EndGlobalSection
EndGlobal
