
Microsoft Visual Studio Solution File, Format Version 12.00
# Visual Studio Version 17
VisualStudioVersion = 17.10.34916.146
MinimumVisualStudioVersion = 10.0.40219.1
Project("{9A19103F-16F7-4668-BE54-9A1E7A4F7556}") = "BeautifulServerApplication", "BeautifulServerApplication\BeautifulServerApplication.csproj", "{2E3711A6-9B98-4C75-9C56-F17A8E43E331}"
EndProject
Project("{2150E333-8FDC-42A3-9474-1A3956D46DE8}") = "Remote", "Remote", "{820A7C1E-D56B-4B9B-A55A-9BB8757DB893}"
EndProject
Project("{9A19103F-16F7-4668-BE54-9A1E7A4F7556}") = "Remote.Server", "Remote.Server\Remote.Server.csproj", "{3B0DA42E-56B5-481C-AAA1-A31A8B6E99A7}"
EndProject
Project("{2150E333-8FDC-42A3-9474-1A3956D46DE8}") = "Server", "Server", "{2959661F-A453-4E5A-9498-806D6C4220AB}"
EndProject
Project("{9A19103F-16F7-4668-BE54-9A1E7A4F7556}") = "Remote.Server.Common", "Remote.Server.Common\Remote.Server.Common.csproj", "{99E5A706-3CFC-4780-974C-F3AB82CA2488}"
EndProject
Project("{9A19103F-16F7-4668-BE54-9A1E7A4F7556}") = "Tests", "Tests\Tests.csproj", "{CEAA6383-AC64-4C1B-B383-7D19B8CBA2D0}"
EndProject
Project("{2150E333-8FDC-42A3-9474-1A3956D46DE8}") = "Session", "Session", "{332472B0-CC29-41FC-9FF0-ED1CA04BDAFE}"
EndProject
Project("{9A19103F-16F7-4668-BE54-9A1E7A4F7556}") = "Session", "Session\Session.csproj", "{F9E80193-F75A-45A4-A2E9-9EA1C2DCC122}"
EndProject
Project("{9A19103F-16F7-4668-BE54-9A1E7A4F7556}") = "Session.Common", "Session.Common\Session.Common.csproj", "{CDC21D7E-16C9-48B5-95BC-FE18E1B132A2}"
EndProject
Project("{2150E333-8FDC-42A3-9474-1A3956D46DE8}") = "Communication", "Communication", "{AF1FA1C2-B0E3-4D1D-8058-CD368A1695C3}"
EndProject
Project("{9A19103F-16F7-4668-BE54-9A1E7A4F7556}") = "Remote.Communication", "Remote.Communication\Remote.Communication.csproj", "{79FB9EC3-FCB5-4E30-BD90-330879ACF213}"
EndProject
Project("{9A19103F-16F7-4668-BE54-9A1E7A4F7556}") = "Remote.Communication.Common", "Remote.Communication.Common\Remote.Communication.Common.csproj", "{F908EB0E-BF5A-493F-8B0C-B3AD3025F25A}"
EndProject
Project("{9A19103F-16F7-4668-BE54-9A1E7A4F7556}") = "SharedBeautifulData", "SharedBeautifulData\SharedBeautifulData.csproj", "{BEDE6AF7-8700-4DA0-9C0C-D71939D712F6}"
EndProject
Project("{9A19103F-16F7-4668-BE54-9A1E7A4F7556}") = "Core", "Core\Core.csproj", "{0EDE7D70-8097-4626-B40D-D495443D776C}"
EndProject
Project("{9A19103F-16F7-4668-BE54-9A1E7A4F7556}") = "BeautifulClientApplication", "BeautifulClientApplication\BeautifulClientApplication.csproj", "{93B3C950-4A38-408B-BDDE-69D9160D1132}"
EndProject
Project("{9A19103F-16F7-4668-BE54-9A1E7A4F7556}") = "SharedBeautifulServices", "SharedBeautifulServices\SharedBeautifulServices.csproj", "{32C66D0B-A8FC-4591-A789-03C7BFA715CD}"
EndProject
Project("{9A19103F-16F7-4668-BE54-9A1E7A4F7556}") = "SharedBeautifulServices.Common", "SharedBeautifulServices.Common\SharedBeautifulServices.Common.csproj", "{25E636D0-7E3D-411C-A0B5-5AE6644E7A18}"
EndProject
Project("{2150E333-8FDC-42A3-9474-1A3956D46DE8}") = "Db", "Db", "{C9B43364-D109-4BCB-9F0B-6A67A2D8071A}"
EndProject
Project("{9A19103F-16F7-4668-BE54-9A1E7A4F7556}") = "DbManagement", "DbManagement\DbManagement.csproj", "{00B79A01-DC91-4039-8684-21885D3FC5F3}"
EndProject
Project("{9A19103F-16F7-4668-BE54-9A1E7A4F7556}") = "DbManagement.Common", "DbManagement.Common\DbManagement.Common.csproj", "{EE500F1C-F588-49AD-985F-F4C991ACC910}"
EndProject
Project("{2150E333-8FDC-42A3-9474-1A3956D46DE8}") = "MessageHandling", "MessageHandling", "{A0672F42-6C09-416C-A3A9-1352A5E25966}"
EndProject
Project("{9A19103F-16F7-4668-BE54-9A1E7A4F7556}") = "AutoSynchronizedMessageHandling", "AutoSychronizatedMessageHandling\AutoSynchronizedMessageHandling.csproj", "{639E39BE-F1E7-47B0-80CC-BEF54EDE71CC}"
EndProject
Project("{9A19103F-16F7-4668-BE54-9A1E7A4F7556}") = "AutoSynchronizedMessageHandling.Common", "AutoSynchronizedMessageHandling.Common\AutoSynchronizedMessageHandling.Common.csproj", "{1A77C89E-08FD-4219-A453-29EA5F3F4B95}"
EndProject
Project("{2150E333-8FDC-42A3-9474-1A3956D46DE8}") = "Applications", "Applications", "{89E901CA-5F3A-417F-A450-AE10156C2FCA}"
EndProject
Global
	GlobalSection(SolutionConfigurationPlatforms) = preSolution
		Debug|Any CPU = Debug|Any CPU
		Release|Any CPU = Release|Any CPU
	EndGlobalSection
	GlobalSection(ProjectConfigurationPlatforms) = postSolution
		{2E3711A6-9B98-4C75-9C56-F17A8E43E331}.Debug|Any CPU.ActiveCfg = Debug|Any CPU
		{2E3711A6-9B98-4C75-9C56-F17A8E43E331}.Debug|Any CPU.Build.0 = Debug|Any CPU
		{2E3711A6-9B98-4C75-9C56-F17A8E43E331}.Release|Any CPU.ActiveCfg = Release|Any CPU
		{2E3711A6-9B98-4C75-9C56-F17A8E43E331}.Release|Any CPU.Build.0 = Release|Any CPU
		{3B0DA42E-56B5-481C-AAA1-A31A8B6E99A7}.Debug|Any CPU.ActiveCfg = Debug|Any CPU
		{3B0DA42E-56B5-481C-AAA1-A31A8B6E99A7}.Debug|Any CPU.Build.0 = Debug|Any CPU
		{3B0DA42E-56B5-481C-AAA1-A31A8B6E99A7}.Release|Any CPU.ActiveCfg = Release|Any CPU
		{3B0DA42E-56B5-481C-AAA1-A31A8B6E99A7}.Release|Any CPU.Build.0 = Release|Any CPU
		{99E5A706-3CFC-4780-974C-F3AB82CA2488}.Debug|Any CPU.ActiveCfg = Debug|Any CPU
		{99E5A706-3CFC-4780-974C-F3AB82CA2488}.Debug|Any CPU.Build.0 = Debug|Any CPU
		{99E5A706-3CFC-4780-974C-F3AB82CA2488}.Release|Any CPU.ActiveCfg = Release|Any CPU
		{99E5A706-3CFC-4780-974C-F3AB82CA2488}.Release|Any CPU.Build.0 = Release|Any CPU
		{CEAA6383-AC64-4C1B-B383-7D19B8CBA2D0}.Debug|Any CPU.ActiveCfg = Debug|Any CPU
		{CEAA6383-AC64-4C1B-B383-7D19B8CBA2D0}.Debug|Any CPU.Build.0 = Debug|Any CPU
		{CEAA6383-AC64-4C1B-B383-7D19B8CBA2D0}.Release|Any CPU.ActiveCfg = Release|Any CPU
		{CEAA6383-AC64-4C1B-B383-7D19B8CBA2D0}.Release|Any CPU.Build.0 = Release|Any CPU
		{F9E80193-F75A-45A4-A2E9-9EA1C2DCC122}.Debug|Any CPU.ActiveCfg = Debug|Any CPU
		{F9E80193-F75A-45A4-A2E9-9EA1C2DCC122}.Debug|Any CPU.Build.0 = Debug|Any CPU
		{F9E80193-F75A-45A4-A2E9-9EA1C2DCC122}.Release|Any CPU.ActiveCfg = Release|Any CPU
		{F9E80193-F75A-45A4-A2E9-9EA1C2DCC122}.Release|Any CPU.Build.0 = Release|Any CPU
		{CDC21D7E-16C9-48B5-95BC-FE18E1B132A2}.Debug|Any CPU.ActiveCfg = Debug|Any CPU
		{CDC21D7E-16C9-48B5-95BC-FE18E1B132A2}.Debug|Any CPU.Build.0 = Debug|Any CPU
		{CDC21D7E-16C9-48B5-95BC-FE18E1B132A2}.Release|Any CPU.ActiveCfg = Release|Any CPU
		{CDC21D7E-16C9-48B5-95BC-FE18E1B132A2}.Release|Any CPU.Build.0 = Release|Any CPU
		{79FB9EC3-FCB5-4E30-BD90-330879ACF213}.Debug|Any CPU.ActiveCfg = Debug|Any CPU
		{79FB9EC3-FCB5-4E30-BD90-330879ACF213}.Debug|Any CPU.Build.0 = Debug|Any CPU
		{79FB9EC3-FCB5-4E30-BD90-330879ACF213}.Release|Any CPU.ActiveCfg = Release|Any CPU
		{79FB9EC3-FCB5-4E30-BD90-330879ACF213}.Release|Any CPU.Build.0 = Release|Any CPU
		{F908EB0E-BF5A-493F-8B0C-B3AD3025F25A}.Debug|Any CPU.ActiveCfg = Debug|Any CPU
		{F908EB0E-BF5A-493F-8B0C-B3AD3025F25A}.Debug|Any CPU.Build.0 = Debug|Any CPU
		{F908EB0E-BF5A-493F-8B0C-B3AD3025F25A}.Release|Any CPU.ActiveCfg = Release|Any CPU
		{F908EB0E-BF5A-493F-8B0C-B3AD3025F25A}.Release|Any CPU.Build.0 = Release|Any CPU
		{BEDE6AF7-8700-4DA0-9C0C-D71939D712F6}.Debug|Any CPU.ActiveCfg = Debug|Any CPU
		{BEDE6AF7-8700-4DA0-9C0C-D71939D712F6}.Debug|Any CPU.Build.0 = Debug|Any CPU
		{BEDE6AF7-8700-4DA0-9C0C-D71939D712F6}.Release|Any CPU.ActiveCfg = Release|Any CPU
		{BEDE6AF7-8700-4DA0-9C0C-D71939D712F6}.Release|Any CPU.Build.0 = Release|Any CPU
		{0EDE7D70-8097-4626-B40D-D495443D776C}.Debug|Any CPU.ActiveCfg = Debug|Any CPU
		{0EDE7D70-8097-4626-B40D-D495443D776C}.Debug|Any CPU.Build.0 = Debug|Any CPU
		{0EDE7D70-8097-4626-B40D-D495443D776C}.Release|Any CPU.ActiveCfg = Release|Any CPU
		{0EDE7D70-8097-4626-B40D-D495443D776C}.Release|Any CPU.Build.0 = Release|Any CPU
		{93B3C950-4A38-408B-BDDE-69D9160D1132}.Debug|Any CPU.ActiveCfg = Debug|Any CPU
		{93B3C950-4A38-408B-BDDE-69D9160D1132}.Debug|Any CPU.Build.0 = Debug|Any CPU
		{93B3C950-4A38-408B-BDDE-69D9160D1132}.Release|Any CPU.ActiveCfg = Release|Any CPU
		{93B3C950-4A38-408B-BDDE-69D9160D1132}.Release|Any CPU.Build.0 = Release|Any CPU
		{32C66D0B-A8FC-4591-A789-03C7BFA715CD}.Debug|Any CPU.ActiveCfg = Debug|Any CPU
		{32C66D0B-A8FC-4591-A789-03C7BFA715CD}.Debug|Any CPU.Build.0 = Debug|Any CPU
		{32C66D0B-A8FC-4591-A789-03C7BFA715CD}.Release|Any CPU.ActiveCfg = Release|Any CPU
		{32C66D0B-A8FC-4591-A789-03C7BFA715CD}.Release|Any CPU.Build.0 = Release|Any CPU
		{25E636D0-7E3D-411C-A0B5-5AE6644E7A18}.Debug|Any CPU.ActiveCfg = Debug|Any CPU
		{25E636D0-7E3D-411C-A0B5-5AE6644E7A18}.Debug|Any CPU.Build.0 = Debug|Any CPU
		{25E636D0-7E3D-411C-A0B5-5AE6644E7A18}.Release|Any CPU.ActiveCfg = Release|Any CPU
		{25E636D0-7E3D-411C-A0B5-5AE6644E7A18}.Release|Any CPU.Build.0 = Release|Any CPU
		{00B79A01-DC91-4039-8684-21885D3FC5F3}.Debug|Any CPU.ActiveCfg = Debug|Any CPU
		{00B79A01-DC91-4039-8684-21885D3FC5F3}.Debug|Any CPU.Build.0 = Debug|Any CPU
		{00B79A01-DC91-4039-8684-21885D3FC5F3}.Release|Any CPU.ActiveCfg = Release|Any CPU
		{00B79A01-DC91-4039-8684-21885D3FC5F3}.Release|Any CPU.Build.0 = Release|Any CPU
		{EE500F1C-F588-49AD-985F-F4C991ACC910}.Debug|Any CPU.ActiveCfg = Debug|Any CPU
		{EE500F1C-F588-49AD-985F-F4C991ACC910}.Debug|Any CPU.Build.0 = Debug|Any CPU
		{EE500F1C-F588-49AD-985F-F4C991ACC910}.Release|Any CPU.ActiveCfg = Release|Any CPU
		{EE500F1C-F588-49AD-985F-F4C991ACC910}.Release|Any CPU.Build.0 = Release|Any CPU
		{639E39BE-F1E7-47B0-80CC-BEF54EDE71CC}.Debug|Any CPU.ActiveCfg = Debug|Any CPU
		{639E39BE-F1E7-47B0-80CC-BEF54EDE71CC}.Debug|Any CPU.Build.0 = Debug|Any CPU
		{639E39BE-F1E7-47B0-80CC-BEF54EDE71CC}.Release|Any CPU.ActiveCfg = Release|Any CPU
		{639E39BE-F1E7-47B0-80CC-BEF54EDE71CC}.Release|Any CPU.Build.0 = Release|Any CPU
		{1A77C89E-08FD-4219-A453-29EA5F3F4B95}.Debug|Any CPU.ActiveCfg = Debug|Any CPU
		{1A77C89E-08FD-4219-A453-29EA5F3F4B95}.Debug|Any CPU.Build.0 = Debug|Any CPU
		{1A77C89E-08FD-4219-A453-29EA5F3F4B95}.Release|Any CPU.ActiveCfg = Release|Any CPU
		{1A77C89E-08FD-4219-A453-29EA5F3F4B95}.Release|Any CPU.Build.0 = Release|Any CPU
	EndGlobalSection
	GlobalSection(SolutionProperties) = preSolution
		HideSolutionNode = FALSE
	EndGlobalSection
	GlobalSection(NestedProjects) = preSolution
		{2E3711A6-9B98-4C75-9C56-F17A8E43E331} = {89E901CA-5F3A-417F-A450-AE10156C2FCA}
		{3B0DA42E-56B5-481C-AAA1-A31A8B6E99A7} = {2959661F-A453-4E5A-9498-806D6C4220AB}
		{2959661F-A453-4E5A-9498-806D6C4220AB} = {820A7C1E-D56B-4B9B-A55A-9BB8757DB893}
		{99E5A706-3CFC-4780-974C-F3AB82CA2488} = {2959661F-A453-4E5A-9498-806D6C4220AB}
		{F9E80193-F75A-45A4-A2E9-9EA1C2DCC122} = {332472B0-CC29-41FC-9FF0-ED1CA04BDAFE}
		{CDC21D7E-16C9-48B5-95BC-FE18E1B132A2} = {332472B0-CC29-41FC-9FF0-ED1CA04BDAFE}
		{AF1FA1C2-B0E3-4D1D-8058-CD368A1695C3} = {820A7C1E-D56B-4B9B-A55A-9BB8757DB893}
		{79FB9EC3-FCB5-4E30-BD90-330879ACF213} = {AF1FA1C2-B0E3-4D1D-8058-CD368A1695C3}
		{F908EB0E-BF5A-493F-8B0C-B3AD3025F25A} = {AF1FA1C2-B0E3-4D1D-8058-CD368A1695C3}
		{93B3C950-4A38-408B-BDDE-69D9160D1132} = {89E901CA-5F3A-417F-A450-AE10156C2FCA}
		{C9B43364-D109-4BCB-9F0B-6A67A2D8071A} = {820A7C1E-D56B-4B9B-A55A-9BB8757DB893}
		{00B79A01-DC91-4039-8684-21885D3FC5F3} = {C9B43364-D109-4BCB-9F0B-6A67A2D8071A}
		{EE500F1C-F588-49AD-985F-F4C991ACC910} = {C9B43364-D109-4BCB-9F0B-6A67A2D8071A}
		{A0672F42-6C09-416C-A3A9-1352A5E25966} = {820A7C1E-D56B-4B9B-A55A-9BB8757DB893}
		{639E39BE-F1E7-47B0-80CC-BEF54EDE71CC} = {A0672F42-6C09-416C-A3A9-1352A5E25966}
		{1A77C89E-08FD-4219-A453-29EA5F3F4B95} = {A0672F42-6C09-416C-A3A9-1352A5E25966}
	EndGlobalSection
	GlobalSection(ExtensibilityGlobals) = postSolution
		SolutionGuid = {E5F7BCB1-956C-469C-830C-9DE4A8102799}
	EndGlobalSection
EndGlobal
